// !$*UTF8*$!
{
	archiveVersion = 1;
	classes = {
	};
	objectVersion = 46;
	objects = {

/* Begin PBXBuildFile section */
		841A09051B9102000096174D /* NSError+Error.m in Sources */ = {isa = PBXBuildFile; fileRef = 841A09041B9102000096174D /* NSError+Error.m */; };
		84251CEF1B7FD0A9005F646C /* SANMoviesCell.m in Sources */ = {isa = PBXBuildFile; fileRef = 84251CD81B7FD0A9005F646C /* SANMoviesCell.m */; };
		84251CF01B7FD0A9005F646C /* SANDataSource.m in Sources */ = {isa = PBXBuildFile; fileRef = 84251CDB1B7FD0A9005F646C /* SANDataSource.m */; };
		84251CF11B7FD0A9005F646C /* SANMovie.m in Sources */ = {isa = PBXBuildFile; fileRef = 84251CDE1B7FD0A9005F646C /* SANMovie.m */; };
		84251CF21B7FD0A9005F646C /* 1.jpg in Resources */ = {isa = PBXBuildFile; fileRef = 84251CE21B7FD0A9005F646C /* 1.jpg */; };
		84251CF31B7FD0A9005F646C /* 10.jpg in Resources */ = {isa = PBXBuildFile; fileRef = 84251CE31B7FD0A9005F646C /* 10.jpg */; };
		84251CF41B7FD0A9005F646C /* 2.jpg in Resources */ = {isa = PBXBuildFile; fileRef = 84251CE41B7FD0A9005F646C /* 2.jpg */; };
		84251CF51B7FD0A9005F646C /* 3.jpg in Resources */ = {isa = PBXBuildFile; fileRef = 84251CE51B7FD0A9005F646C /* 3.jpg */; };
		84251CF61B7FD0A9005F646C /* 4.jpg in Resources */ = {isa = PBXBuildFile; fileRef = 84251CE61B7FD0A9005F646C /* 4.jpg */; };
		84251CF71B7FD0A9005F646C /* 5.jpg in Resources */ = {isa = PBXBuildFile; fileRef = 84251CE71B7FD0A9005F646C /* 5.jpg */; };
		84251CF81B7FD0A9005F646C /* 6.jpg in Resources */ = {isa = PBXBuildFile; fileRef = 84251CE81B7FD0A9005F646C /* 6.jpg */; };
		84251CF91B7FD0A9005F646C /* 7.jpg in Resources */ = {isa = PBXBuildFile; fileRef = 84251CE91B7FD0A9005F646C /* 7.jpg */; };
		84251CFA1B7FD0A9005F646C /* 8.jpg in Resources */ = {isa = PBXBuildFile; fileRef = 84251CEA1B7FD0A9005F646C /* 8.jpg */; };
		84251CFB1B7FD0A9005F646C /* 9.jpg in Resources */ = {isa = PBXBuildFile; fileRef = 84251CEB1B7FD0A9005F646C /* 9.jpg */; };
		84251CFC1B7FD0A9005F646C /* SANTableViewController.m in Sources */ = {isa = PBXBuildFile; fileRef = 84251CEE1B7FD0A9005F646C /* SANTableViewController.m */; };
		84273B8B1B8B667C007EF7E2 /* SANAddMovieViewController.m in Sources */ = {isa = PBXBuildFile; fileRef = 84273B861B8B667C007EF7E2 /* SANAddMovieViewController.m */; };
		84273B8C1B8B667C007EF7E2 /* SANCollectionViewController.m in Sources */ = {isa = PBXBuildFile; fileRef = 84273B881B8B667C007EF7E2 /* SANCollectionViewController.m */; };
		84273B8D1B8B667C007EF7E2 /* SANContainerViewController.m in Sources */ = {isa = PBXBuildFile; fileRef = 84273B8A1B8B667C007EF7E2 /* SANContainerViewController.m */; };
		84273B901B8B668F007EF7E2 /* SANDataSource.plist in Resources */ = {isa = PBXBuildFile; fileRef = 84273B8F1B8B668F007EF7E2 /* SANDataSource.plist */; };
		84273B971B8B66D9007EF7E2 /* SANInputModelValidator.m in Sources */ = {isa = PBXBuildFile; fileRef = 84273B921B8B66D9007EF7E2 /* SANInputModelValidator.m */; };
		84273B981B8B66D9007EF7E2 /* SANMovieFactory.m in Sources */ = {isa = PBXBuildFile; fileRef = 84273B941B8B66D9007EF7E2 /* SANMovieFactory.m */; };
		84273B9C1B8B6700007EF7E2 /* SANCollectionViewCell.m in Sources */ = {isa = PBXBuildFile; fileRef = 84273B9B1B8B6700007EF7E2 /* SANCollectionViewCell.m */; };
		843EF4DE1B76A5E300BB3D72 /* main.m in Sources */ = {isa = PBXBuildFile; fileRef = 843EF4DD1B76A5E300BB3D72 /* main.m */; };
		843EF4E11B76A5E300BB3D72 /* AppDelegate.m in Sources */ = {isa = PBXBuildFile; fileRef = 843EF4E01B76A5E300BB3D72 /* AppDelegate.m */; };
		843EF4E71B76A5E300BB3D72 /* Main.storyboard in Resources */ = {isa = PBXBuildFile; fileRef = 843EF4E51B76A5E300BB3D72 /* Main.storyboard */; };
		843EF4E91B76A5E300BB3D72 /* Images.xcassets in Resources */ = {isa = PBXBuildFile; fileRef = 843EF4E81B76A5E300BB3D72 /* Images.xcassets */; };
		843EF4EC1B76A5E300BB3D72 /* LaunchScreen.xib in Resources */ = {isa = PBXBuildFile; fileRef = 843EF4EA1B76A5E300BB3D72 /* LaunchScreen.xib */; };
		843EF4F81B76A5E300BB3D72 /* BestMoviesTests.m in Sources */ = {isa = PBXBuildFile; fileRef = 843EF4F71B76A5E300BB3D72 /* BestMoviesTests.m */; };
		84584B8F1B77FCDB004E36FB /* .gitignore in Resources */ = {isa = PBXBuildFile; fileRef = 84584B8E1B77FCDB004E36FB /* .gitignore */; };
		8465554B1B774EDD00DC31C4 /* UIKit.framework in Frameworks */ = {isa = PBXBuildFile; fileRef = 8465554A1B774EDD00DC31C4 /* UIKit.framework */; };
/* End PBXBuildFile section */

/* Begin PBXContainerItemProxy section */
		843EF4F21B76A5E300BB3D72 /* PBXContainerItemProxy */ = {
			isa = PBXContainerItemProxy;
			containerPortal = 843EF4D01B76A5E300BB3D72 /* Project object */;
			proxyType = 1;
			remoteGlobalIDString = 843EF4D71B76A5E300BB3D72;
			remoteInfo = BestMovies;
		};
/* End PBXContainerItemProxy section */

/* Begin PBXFileReference section */
		841A09031B9102000096174D /* NSError+Error.h */ = {isa = PBXFileReference; fileEncoding = 4; lastKnownFileType = sourcecode.c.h; path = "NSError+Error.h"; sourceTree = "<group>"; };
		841A09041B9102000096174D /* NSError+Error.m */ = {isa = PBXFileReference; fileEncoding = 4; lastKnownFileType = sourcecode.c.objc; path = "NSError+Error.m"; sourceTree = "<group>"; };
		84251CD71B7FD0A9005F646C /* SANMoviesCell.h */ = {isa = PBXFileReference; fileEncoding = 4; lastKnownFileType = sourcecode.c.h; path = SANMoviesCell.h; sourceTree = "<group>"; };
		84251CD81B7FD0A9005F646C /* SANMoviesCell.m */ = {isa = PBXFileReference; fileEncoding = 4; lastKnownFileType = sourcecode.c.objc; path = SANMoviesCell.m; sourceTree = "<group>"; };
		84251CDA1B7FD0A9005F646C /* SANDataSource.h */ = {isa = PBXFileReference; fileEncoding = 4; lastKnownFileType = sourcecode.c.h; path = SANDataSource.h; sourceTree = "<group>"; };
		84251CDB1B7FD0A9005F646C /* SANDataSource.m */ = {isa = PBXFileReference; fileEncoding = 4; lastKnownFileType = sourcecode.c.objc; path = SANDataSource.m; sourceTree = "<group>"; };
		84251CDD1B7FD0A9005F646C /* SANMovie.h */ = {isa = PBXFileReference; fileEncoding = 4; lastKnownFileType = sourcecode.c.h; path = SANMovie.h; sourceTree = "<group>"; };
		84251CDE1B7FD0A9005F646C /* SANMovie.m */ = {isa = PBXFileReference; fileEncoding = 4; lastKnownFileType = sourcecode.c.objc; path = SANMovie.m; sourceTree = "<group>"; };
		84251CE21B7FD0A9005F646C /* 1.jpg */ = {isa = PBXFileReference; lastKnownFileType = image.jpeg; path = 1.jpg; sourceTree = "<group>"; };
		84251CE31B7FD0A9005F646C /* 10.jpg */ = {isa = PBXFileReference; lastKnownFileType = image.jpeg; path = 10.jpg; sourceTree = "<group>"; };
		84251CE41B7FD0A9005F646C /* 2.jpg */ = {isa = PBXFileReference; lastKnownFileType = image.jpeg; path = 2.jpg; sourceTree = "<group>"; };
		84251CE51B7FD0A9005F646C /* 3.jpg */ = {isa = PBXFileReference; lastKnownFileType = image.jpeg; path = 3.jpg; sourceTree = "<group>"; };
		84251CE61B7FD0A9005F646C /* 4.jpg */ = {isa = PBXFileReference; lastKnownFileType = image.jpeg; path = 4.jpg; sourceTree = "<group>"; };
		84251CE71B7FD0A9005F646C /* 5.jpg */ = {isa = PBXFileReference; lastKnownFileType = image.jpeg; path = 5.jpg; sourceTree = "<group>"; };
		84251CE81B7FD0A9005F646C /* 6.jpg */ = {isa = PBXFileReference; lastKnownFileType = image.jpeg; path = 6.jpg; sourceTree = "<group>"; };
		84251CE91B7FD0A9005F646C /* 7.jpg */ = {isa = PBXFileReference; lastKnownFileType = image.jpeg; path = 7.jpg; sourceTree = "<group>"; };
		84251CEA1B7FD0A9005F646C /* 8.jpg */ = {isa = PBXFileReference; lastKnownFileType = image.jpeg; path = 8.jpg; sourceTree = "<group>"; };
		84251CEB1B7FD0A9005F646C /* 9.jpg */ = {isa = PBXFileReference; lastKnownFileType = image.jpeg; path = 9.jpg; sourceTree = "<group>"; };
		84251CED1B7FD0A9005F646C /* SANTableViewController.h */ = {isa = PBXFileReference; fileEncoding = 4; lastKnownFileType = sourcecode.c.h; path = SANTableViewController.h; sourceTree = "<group>"; };
		84251CEE1B7FD0A9005F646C /* SANTableViewController.m */ = {isa = PBXFileReference; fileEncoding = 4; lastKnownFileType = sourcecode.c.objc; path = SANTableViewController.m; sourceTree = "<group>"; };
		8426173E1B9782DB00302FB9 /* SANNotificationsConstants.h */ = {isa = PBXFileReference; fileEncoding = 4; lastKnownFileType = sourcecode.c.h; path = SANNotificationsConstants.h; sourceTree = "<group>"; };
		84273B851B8B667C007EF7E2 /* SANAddMovieViewController.h */ = {isa = PBXFileReference; fileEncoding = 4; lastKnownFileType = sourcecode.c.h; path = SANAddMovieViewController.h; sourceTree = "<group>"; };
		84273B861B8B667C007EF7E2 /* SANAddMovieViewController.m */ = {isa = PBXFileReference; fileEncoding = 4; lastKnownFileType = sourcecode.c.objc; path = SANAddMovieViewController.m; sourceTree = "<group>"; };
		84273B871B8B667C007EF7E2 /* SANCollectionViewController.h */ = {isa = PBXFileReference; fileEncoding = 4; lastKnownFileType = sourcecode.c.h; path = SANCollectionViewController.h; sourceTree = "<group>"; };
		84273B881B8B667C007EF7E2 /* SANCollectionViewController.m */ = {isa = PBXFileReference; fileEncoding = 4; lastKnownFileType = sourcecode.c.objc; path = SANCollectionViewController.m; sourceTree = "<group>"; };
		84273B891B8B667C007EF7E2 /* SANContainerViewController.h */ = {isa = PBXFileReference; fileEncoding = 4; lastKnownFileType = sourcecode.c.h; path = SANContainerViewController.h; sourceTree = "<group>"; };
		84273B8A1B8B667C007EF7E2 /* SANContainerViewController.m */ = {isa = PBXFileReference; fileEncoding = 4; lastKnownFileType = sourcecode.c.objc; path = SANContainerViewController.m; sourceTree = "<group>"; };
		84273B8F1B8B668F007EF7E2 /* SANDataSource.plist */ = {isa = PBXFileReference; fileEncoding = 4; lastKnownFileType = text.plist.xml; path = SANDataSource.plist; sourceTree = "<group>"; };
		84273B911B8B66D9007EF7E2 /* SANInputModelValidator.h */ = {isa = PBXFileReference; fileEncoding = 4; lastKnownFileType = sourcecode.c.h; path = SANInputModelValidator.h; sourceTree = "<group>"; };
		84273B921B8B66D9007EF7E2 /* SANInputModelValidator.m */ = {isa = PBXFileReference; fileEncoding = 4; lastKnownFileType = sourcecode.c.objc; path = SANInputModelValidator.m; sourceTree = "<group>"; };
		84273B931B8B66D9007EF7E2 /* SANMovieFactory.h */ = {isa = PBXFileReference; fileEncoding = 4; lastKnownFileType = sourcecode.c.h; path = SANMovieFactory.h; sourceTree = "<group>"; };
		84273B941B8B66D9007EF7E2 /* SANMovieFactory.m */ = {isa = PBXFileReference; fileEncoding = 4; lastKnownFileType = sourcecode.c.objc; path = SANMovieFactory.m; sourceTree = "<group>"; };
		84273B9A1B8B6700007EF7E2 /* SANCollectionViewCell.h */ = {isa = PBXFileReference; fileEncoding = 4; lastKnownFileType = sourcecode.c.h; path = SANCollectionViewCell.h; sourceTree = "<group>"; };
		84273B9B1B8B6700007EF7E2 /* SANCollectionViewCell.m */ = {isa = PBXFileReference; fileEncoding = 4; lastKnownFileType = sourcecode.c.objc; path = SANCollectionViewCell.m; sourceTree = "<group>"; };
		843EF4D81B76A5E300BB3D72 /* BestMovies.app */ = {isa = PBXFileReference; explicitFileType = wrapper.application; includeInIndex = 0; path = BestMovies.app; sourceTree = BUILT_PRODUCTS_DIR; };
		843EF4DC1B76A5E300BB3D72 /* Info.plist */ = {isa = PBXFileReference; lastKnownFileType = text.plist.xml; path = Info.plist; sourceTree = "<group>"; };
		843EF4DD1B76A5E300BB3D72 /* main.m */ = {isa = PBXFileReference; lastKnownFileType = sourcecode.c.objc; path = main.m; sourceTree = "<group>"; };
		843EF4DF1B76A5E300BB3D72 /* AppDelegate.h */ = {isa = PBXFileReference; lastKnownFileType = sourcecode.c.h; path = AppDelegate.h; sourceTree = "<group>"; };
		843EF4E01B76A5E300BB3D72 /* AppDelegate.m */ = {isa = PBXFileReference; lastKnownFileType = sourcecode.c.objc; path = AppDelegate.m; sourceTree = "<group>"; };
		843EF4E61B76A5E300BB3D72 /* Base */ = {isa = PBXFileReference; lastKnownFileType = file.storyboard; name = Base; path = Base.lproj/Main.storyboard; sourceTree = "<group>"; };
		843EF4E81B76A5E300BB3D72 /* Images.xcassets */ = {isa = PBXFileReference; lastKnownFileType = folder.assetcatalog; path = Images.xcassets; sourceTree = "<group>"; };
		843EF4EB1B76A5E300BB3D72 /* Base */ = {isa = PBXFileReference; lastKnownFileType = file.xib; name = Base; path = Base.lproj/LaunchScreen.xib; sourceTree = "<group>"; };
		843EF4F11B76A5E300BB3D72 /* BestMoviesTests.xctest */ = {isa = PBXFileReference; explicitFileType = wrapper.cfbundle; includeInIndex = 0; path = BestMoviesTests.xctest; sourceTree = BUILT_PRODUCTS_DIR; };
		843EF4F61B76A5E300BB3D72 /* Info.plist */ = {isa = PBXFileReference; lastKnownFileType = text.plist.xml; path = Info.plist; sourceTree = "<group>"; };
		843EF4F71B76A5E300BB3D72 /* BestMoviesTests.m */ = {isa = PBXFileReference; lastKnownFileType = sourcecode.c.objc; path = BestMoviesTests.m; sourceTree = "<group>"; };
		84584B8E1B77FCDB004E36FB /* .gitignore */ = {isa = PBXFileReference; fileEncoding = 4; lastKnownFileType = text; path = .gitignore; sourceTree = "<group>"; };
		8465554A1B774EDD00DC31C4 /* UIKit.framework */ = {isa = PBXFileReference; lastKnownFileType = wrapper.framework; name = UIKit.framework; path = System/Library/Frameworks/UIKit.framework; sourceTree = SDKROOT; };
/* End PBXFileReference section */

/* Begin PBXFrameworksBuildPhase section */
		843EF4D51B76A5E300BB3D72 /* Frameworks */ = {
			isa = PBXFrameworksBuildPhase;
			buildActionMask = 2147483647;
			files = (
				8465554B1B774EDD00DC31C4 /* UIKit.framework in Frameworks */,
			);
			runOnlyForDeploymentPostprocessing = 0;
		};
		843EF4EE1B76A5E300BB3D72 /* Frameworks */ = {
			isa = PBXFrameworksBuildPhase;
			buildActionMask = 2147483647;
			files = (
			);
			runOnlyForDeploymentPostprocessing = 0;
		};
/* End PBXFrameworksBuildPhase section */

/* Begin PBXGroup section */
		841A09021B90FE720096174D /* Categories */ = {
			isa = PBXGroup;
			children = (
				841A09031B9102000096174D /* NSError+Error.h */,
				841A09041B9102000096174D /* NSError+Error.m */,
			);
			path = Categories;
			sourceTree = "<group>";
		};
		84251CD61B7FD0A9005F646C /* Cells */ = {
			isa = PBXGroup;
			children = (
				84273B9A1B8B6700007EF7E2 /* SANCollectionViewCell.h */,
				84273B9B1B8B6700007EF7E2 /* SANCollectionViewCell.m */,
				84251CD71B7FD0A9005F646C /* SANMoviesCell.h */,
				84251CD81B7FD0A9005F646C /* SANMoviesCell.m */,
			);
			path = Cells;
			sourceTree = "<group>";
		};
		84251CD91B7FD0A9005F646C /* Data */ = {
			isa = PBXGroup;
			children = (
				84251CDA1B7FD0A9005F646C /* SANDataSource.h */,
				84251CDB1B7FD0A9005F646C /* SANDataSource.m */,
			);
			path = Data;
			sourceTree = "<group>";
		};
		84251CDC1B7FD0A9005F646C /* Models */ = {
			isa = PBXGroup;
			children = (
				84251CDD1B7FD0A9005F646C /* SANMovie.h */,
				84251CDE1B7FD0A9005F646C /* SANMovie.m */,
			);
			path = Models;
			sourceTree = "<group>";
		};
		84251CDF1B7FD0A9005F646C /* Resources */ = {
			isa = PBXGroup;
			children = (
				84273B8E1B8B668F007EF7E2 /* Assets */,
				84251CE01B7FD0A9005F646C /* Images */,
			);
			path = Resources;
			sourceTree = "<group>";
		};
		84251CE01B7FD0A9005F646C /* Images */ = {
			isa = PBXGroup;
			children = (
				84251CE11B7FD0A9005F646C /* Common */,
			);
			path = Images;
			sourceTree = "<group>";
		};
		84251CE11B7FD0A9005F646C /* Common */ = {
			isa = PBXGroup;
			children = (
				84251CE21B7FD0A9005F646C /* 1.jpg */,
				84251CE31B7FD0A9005F646C /* 10.jpg */,
				84251CE41B7FD0A9005F646C /* 2.jpg */,
				84251CE51B7FD0A9005F646C /* 3.jpg */,
				84251CE61B7FD0A9005F646C /* 4.jpg */,
				84251CE71B7FD0A9005F646C /* 5.jpg */,
				84251CE81B7FD0A9005F646C /* 6.jpg */,
				84251CE91B7FD0A9005F646C /* 7.jpg */,
				84251CEA1B7FD0A9005F646C /* 8.jpg */,
				84251CEB1B7FD0A9005F646C /* 9.jpg */,
			);
			path = Common;
			sourceTree = "<group>";
		};
		84251CEC1B7FD0A9005F646C /* ViewControllers */ = {
			isa = PBXGroup;
			children = (
				84273B851B8B667C007EF7E2 /* SANAddMovieViewController.h */,
				84273B861B8B667C007EF7E2 /* SANAddMovieViewController.m */,
				84273B871B8B667C007EF7E2 /* SANCollectionViewController.h */,
				84273B881B8B667C007EF7E2 /* SANCollectionViewController.m */,
				84273B891B8B667C007EF7E2 /* SANContainerViewController.h */,
				84273B8A1B8B667C007EF7E2 /* SANContainerViewController.m */,
				84251CED1B7FD0A9005F646C /* SANTableViewController.h */,
				84251CEE1B7FD0A9005F646C /* SANTableViewController.m */,
			);
			path = ViewControllers;
			sourceTree = "<group>";
		};
		84273B8E1B8B668F007EF7E2 /* Assets */ = {
			isa = PBXGroup;
			children = (
				84273B8F1B8B668F007EF7E2 /* SANDataSource.plist */,
			);
			path = Assets;
			sourceTree = "<group>";
		};
		843EF4CF1B76A5E300BB3D72 = {
			isa = PBXGroup;
			children = (
				84584B8E1B77FCDB004E36FB /* .gitignore */,
				843EF4DA1B76A5E300BB3D72 /* BestMovies */,
				843EF4F41B76A5E300BB3D72 /* BestMoviesTests */,
				843EF4D91B76A5E300BB3D72 /* Products */,
				8465554D1B774FD100DC31C4 /* Frameworks */,
			);
			sourceTree = "<group>";
		};
		843EF4D91B76A5E300BB3D72 /* Products */ = {
			isa = PBXGroup;
			children = (
				843EF4D81B76A5E300BB3D72 /* BestMovies.app */,
				843EF4F11B76A5E300BB3D72 /* BestMoviesTests.xctest */,
			);
			name = Products;
			sourceTree = "<group>";
		};
		843EF4DA1B76A5E300BB3D72 /* BestMovies */ = {
			isa = PBXGroup;
			children = (
				841A09021B90FE720096174D /* Categories */,
				843EF4DF1B76A5E300BB3D72 /* AppDelegate.h */,
				843EF4E01B76A5E300BB3D72 /* AppDelegate.m */,
				84273B911B8B66D9007EF7E2 /* SANInputModelValidator.h */,
				84273B921B8B66D9007EF7E2 /* SANInputModelValidator.m */,
				84273B931B8B66D9007EF7E2 /* SANMovieFactory.h */,
				84273B941B8B66D9007EF7E2 /* SANMovieFactory.m */,
				8426173E1B9782DB00302FB9 /* SANNotificationsConstants.h */,
				84251CD61B7FD0A9005F646C /* Cells */,
				84251CD91B7FD0A9005F646C /* Data */,
				84251CDC1B7FD0A9005F646C /* Models */,
				84251CDF1B7FD0A9005F646C /* Resources */,
				84251CEC1B7FD0A9005F646C /* ViewControllers */,
				843EF4E51B76A5E300BB3D72 /* Main.storyboard */,
				843EF4E81B76A5E300BB3D72 /* Images.xcassets */,
				843EF4EA1B76A5E300BB3D72 /* LaunchScreen.xib */,
				843EF4DB1B76A5E300BB3D72 /* Supporting Files */,
			);
			path = BestMovies;
			sourceTree = "<group>";
		};
		843EF4DB1B76A5E300BB3D72 /* Supporting Files */ = {
			isa = PBXGroup;
			children = (
				843EF4DC1B76A5E300BB3D72 /* Info.plist */,
				843EF4DD1B76A5E300BB3D72 /* main.m */,
			);
			name = "Supporting Files";
			sourceTree = "<group>";
		};
		843EF4F41B76A5E300BB3D72 /* BestMoviesTests */ = {
			isa = PBXGroup;
			children = (
				843EF4F71B76A5E300BB3D72 /* BestMoviesTests.m */,
				843EF4F51B76A5E300BB3D72 /* Supporting Files */,
			);
			path = BestMoviesTests;
			sourceTree = "<group>";
		};
		843EF4F51B76A5E300BB3D72 /* Supporting Files */ = {
			isa = PBXGroup;
			children = (
				843EF4F61B76A5E300BB3D72 /* Info.plist */,
			);
			name = "Supporting Files";
			sourceTree = "<group>";
		};
		8465554D1B774FD100DC31C4 /* Frameworks */ = {
			isa = PBXGroup;
			children = (
				8465554A1B774EDD00DC31C4 /* UIKit.framework */,
			);
			name = Frameworks;
			sourceTree = "<group>";
		};
/* End PBXGroup section */

/* Begin PBXNativeTarget section */
		843EF4D71B76A5E300BB3D72 /* BestMovies */ = {
			isa = PBXNativeTarget;
			buildConfigurationList = 843EF4FB1B76A5E300BB3D72 /* Build configuration list for PBXNativeTarget "BestMovies" */;
			buildPhases = (
				843EF4D41B76A5E300BB3D72 /* Sources */,
				843EF4D51B76A5E300BB3D72 /* Frameworks */,
				843EF4D61B76A5E300BB3D72 /* Resources */,
			);
			buildRules = (
			);
			dependencies = (
			);
			name = BestMovies;
			productName = BestMovies;
			productReference = 843EF4D81B76A5E300BB3D72 /* BestMovies.app */;
			productType = "com.apple.product-type.application";
		};
		843EF4F01B76A5E300BB3D72 /* BestMoviesTests */ = {
			isa = PBXNativeTarget;
			buildConfigurationList = 843EF4FE1B76A5E300BB3D72 /* Build configuration list for PBXNativeTarget "BestMoviesTests" */;
			buildPhases = (
				843EF4ED1B76A5E300BB3D72 /* Sources */,
				843EF4EE1B76A5E300BB3D72 /* Frameworks */,
				843EF4EF1B76A5E300BB3D72 /* Resources */,
			);
			buildRules = (
			);
			dependencies = (
				843EF4F31B76A5E300BB3D72 /* PBXTargetDependency */,
			);
			name = BestMoviesTests;
			productName = BestMoviesTests;
			productReference = 843EF4F11B76A5E300BB3D72 /* BestMoviesTests.xctest */;
			productType = "com.apple.product-type.bundle.unit-test";
		};
/* End PBXNativeTarget section */

/* Begin PBXProject section */
		843EF4D01B76A5E300BB3D72 /* Project object */ = {
			isa = PBXProject;
			attributes = {
				LastUpgradeCheck = 0630;
				ORGANIZATIONNAME = Ignatenko_Alexandr;
				TargetAttributes = {
					843EF4D71B76A5E300BB3D72 = {
						CreatedOnToolsVersion = 6.3;
					};
					843EF4F01B76A5E300BB3D72 = {
						CreatedOnToolsVersion = 6.3;
						TestTargetID = 843EF4D71B76A5E300BB3D72;
					};
				};
			};
			buildConfigurationList = 843EF4D31B76A5E300BB3D72 /* Build configuration list for PBXProject "BestMovies" */;
			compatibilityVersion = "Xcode 3.2";
			developmentRegion = English;
			hasScannedForEncodings = 0;
			knownRegions = (
				en,
				Base,
			);
			mainGroup = 843EF4CF1B76A5E300BB3D72;
			productRefGroup = 843EF4D91B76A5E300BB3D72 /* Products */;
			projectDirPath = "";
			projectRoot = "";
			targets = (
				843EF4D71B76A5E300BB3D72 /* BestMovies */,
				843EF4F01B76A5E300BB3D72 /* BestMoviesTests */,
			);
		};
/* End PBXProject section */

/* Begin PBXResourcesBuildPhase section */
		843EF4D61B76A5E300BB3D72 /* Resources */ = {
			isa = PBXResourcesBuildPhase;
			buildActionMask = 2147483647;
			files = (
				84251CF81B7FD0A9005F646C /* 6.jpg in Resources */,
				843EF4E71B76A5E300BB3D72 /* Main.storyboard in Resources */,
				84251CF71B7FD0A9005F646C /* 5.jpg in Resources */,
				84251CF91B7FD0A9005F646C /* 7.jpg in Resources */,
				84584B8F1B77FCDB004E36FB /* .gitignore in Resources */,
				84251CFA1B7FD0A9005F646C /* 8.jpg in Resources */,
				84273B901B8B668F007EF7E2 /* SANDataSource.plist in Resources */,
				84251CF41B7FD0A9005F646C /* 2.jpg in Resources */,
				843EF4EC1B76A5E300BB3D72 /* LaunchScreen.xib in Resources */,
				843EF4E91B76A5E300BB3D72 /* Images.xcassets in Resources */,
				84251CFB1B7FD0A9005F646C /* 9.jpg in Resources */,
				84251CF31B7FD0A9005F646C /* 10.jpg in Resources */,
				84251CF61B7FD0A9005F646C /* 4.jpg in Resources */,
				84251CF21B7FD0A9005F646C /* 1.jpg in Resources */,
				84251CF51B7FD0A9005F646C /* 3.jpg in Resources */,
			);
			runOnlyForDeploymentPostprocessing = 0;
		};
		843EF4EF1B76A5E300BB3D72 /* Resources */ = {
			isa = PBXResourcesBuildPhase;
			buildActionMask = 2147483647;
			files = (
			);
			runOnlyForDeploymentPostprocessing = 0;
		};
/* End PBXResourcesBuildPhase section */

/* Begin PBXSourcesBuildPhase section */
		843EF4D41B76A5E300BB3D72 /* Sources */ = {
			isa = PBXSourcesBuildPhase;
			buildActionMask = 2147483647;
			files = (
				843EF4E11B76A5E300BB3D72 /* AppDelegate.m in Sources */,
				84273B981B8B66D9007EF7E2 /* SANMovieFactory.m in Sources */,
				843EF4DE1B76A5E300BB3D72 /* main.m in Sources */,
				84251CEF1B7FD0A9005F646C /* SANMoviesCell.m in Sources */,
				84273B8D1B8B667C007EF7E2 /* SANContainerViewController.m in Sources */,
				84251CF11B7FD0A9005F646C /* SANMovie.m in Sources */,
				84251CFC1B7FD0A9005F646C /* SANTableViewController.m in Sources */,
				84273B8C1B8B667C007EF7E2 /* SANCollectionViewController.m in Sources */,
				841A09051B9102000096174D /* NSError+Error.m in Sources */,
				84251CF01B7FD0A9005F646C /* SANDataSource.m in Sources */,
				84273B971B8B66D9007EF7E2 /* SANInputModelValidator.m in Sources */,
				84273B8B1B8B667C007EF7E2 /* SANAddMovieViewController.m in Sources */,
				84273B9C1B8B6700007EF7E2 /* SANCollectionViewCell.m in Sources */,
			);
			runOnlyForDeploymentPostprocessing = 0;
		};
		843EF4ED1B76A5E300BB3D72 /* Sources */ = {
			isa = PBXSourcesBuildPhase;
			buildActionMask = 2147483647;
			files = (
				843EF4F81B76A5E300BB3D72 /* BestMoviesTests.m in Sources */,
			);
			runOnlyForDeploymentPostprocessing = 0;
		};
/* End PBXSourcesBuildPhase section */

/* Begin PBXTargetDependency section */
		843EF4F31B76A5E300BB3D72 /* PBXTargetDependency */ = {
			isa = PBXTargetDependency;
			target = 843EF4D71B76A5E300BB3D72 /* BestMovies */;
			targetProxy = 843EF4F21B76A5E300BB3D72 /* PBXContainerItemProxy */;
		};
/* End PBXTargetDependency section */

/* Begin PBXVariantGroup section */
		843EF4E51B76A5E300BB3D72 /* Main.storyboard */ = {
			isa = PBXVariantGroup;
			children = (
				843EF4E61B76A5E300BB3D72 /* Base */,
			);
			name = Main.storyboard;
			sourceTree = "<group>";
		};
		843EF4EA1B76A5E300BB3D72 /* LaunchScreen.xib */ = {
			isa = PBXVariantGroup;
			children = (
				843EF4EB1B76A5E300BB3D72 /* Base */,
			);
			name = LaunchScreen.xib;
			sourceTree = "<group>";
		};
/* End PBXVariantGroup section */

/* Begin XCBuildConfiguration section */
		843EF4F91B76A5E300BB3D72 /* Debug */ = {
			isa = XCBuildConfiguration;
			buildSettings = {
				ALWAYS_SEARCH_USER_PATHS = NO;
				CLANG_CXX_LANGUAGE_STANDARD = "gnu++0x";
				CLANG_CXX_LIBRARY = "libc++";
				CLANG_ENABLE_MODULES = YES;
				CLANG_ENABLE_OBJC_ARC = YES;
				CLANG_WARN_BOOL_CONVERSION = YES;
				CLANG_WARN_CONSTANT_CONVERSION = YES;
				CLANG_WARN_DIRECT_OBJC_ISA_USAGE = YES_ERROR;
				CLANG_WARN_EMPTY_BODY = YES;
				CLANG_WARN_ENUM_CONVERSION = YES;
				CLANG_WARN_INT_CONVERSION = YES;
				CLANG_WARN_OBJC_ROOT_CLASS = YES_ERROR;
				CLANG_WARN_UNREACHABLE_CODE = YES;
				CLANG_WARN__DUPLICATE_METHOD_MATCH = YES;
				"CODE_SIGN_IDENTITY[sdk=iphoneos*]" = "iPhone Developer";
				COPY_PHASE_STRIP = NO;
				DEBUG_INFORMATION_FORMAT = "dwarf-with-dsym";
				ENABLE_STRICT_OBJC_MSGSEND = YES;
				GCC_C_LANGUAGE_STANDARD = gnu99;
				GCC_DYNAMIC_NO_PIC = NO;
				GCC_NO_COMMON_BLOCKS = YES;
				GCC_OPTIMIZATION_LEVEL = 0;
				GCC_PREPROCESSOR_DEFINITIONS = (
					"DEBUG=1",
					"$(inherited)",
				);
				GCC_SYMBOLS_PRIVATE_EXTERN = NO;
				GCC_WARN_64_TO_32_BIT_CONVERSION = YES;
				GCC_WARN_ABOUT_RETURN_TYPE = YES_ERROR;
				GCC_WARN_UNDECLARED_SELECTOR = YES;
				GCC_WARN_UNINITIALIZED_AUTOS = YES_AGGRESSIVE;
				GCC_WARN_UNUSED_FUNCTION = YES;
				GCC_WARN_UNUSED_VARIABLE = YES;
				IPHONEOS_DEPLOYMENT_TARGET = 8.3;
				MTL_ENABLE_DEBUG_INFO = YES;
				ONLY_ACTIVE_ARCH = YES;
				SDKROOT = iphoneos;
			};
			name = Debug;
		};
		843EF4FA1B76A5E300BB3D72 /* Release */ = {
			isa = XCBuildConfiguration;
			buildSettings = {
				ALWAYS_SEARCH_USER_PATHS = NO;
				CLANG_CXX_LANGUAGE_STANDARD = "gnu++0x";
				CLANG_CXX_LIBRARY = "libc++";
				CLANG_ENABLE_MODULES = YES;
				CLANG_ENABLE_OBJC_ARC = YES;
				CLANG_WARN_BOOL_CONVERSION = YES;
				CLANG_WARN_CONSTANT_CONVERSION = YES;
				CLANG_WARN_DIRECT_OBJC_ISA_USAGE = YES_ERROR;
				CLANG_WARN_EMPTY_BODY = YES;
				CLANG_WARN_ENUM_CONVERSION = YES;
				CLANG_WARN_INT_CONVERSION = YES;
				CLANG_WARN_OBJC_ROOT_CLASS = YES_ERROR;
				CLANG_WARN_UNREACHABLE_CODE = YES;
				CLANG_WARN__DUPLICATE_METHOD_MATCH = YES;
				"CODE_SIGN_IDENTITY[sdk=iphoneos*]" = "iPhone Developer";
				COPY_PHASE_STRIP = NO;
				DEBUG_INFORMATION_FORMAT = "dwarf-with-dsym";
				ENABLE_NS_ASSERTIONS = NO;
				ENABLE_STRICT_OBJC_MSGSEND = YES;
				GCC_C_LANGUAGE_STANDARD = gnu99;
				GCC_NO_COMMON_BLOCKS = YES;
				GCC_WARN_64_TO_32_BIT_CONVERSION = YES;
				GCC_WARN_ABOUT_RETURN_TYPE = YES_ERROR;
				GCC_WARN_UNDECLARED_SELECTOR = YES;
				GCC_WARN_UNINITIALIZED_AUTOS = YES_AGGRESSIVE;
				GCC_WARN_UNUSED_FUNCTION = YES;
				GCC_WARN_UNUSED_VARIABLE = YES;
				IPHONEOS_DEPLOYMENT_TARGET = 8.3;
				MTL_ENABLE_DEBUG_INFO = NO;
				SDKROOT = iphoneos;
				VALIDATE_PRODUCT = YES;
			};
			name = Release;
		};
		843EF4FC1B76A5E300BB3D72 /* Debug */ = {
			isa = XCBuildConfiguration;
			buildSettings = {
				ASSETCATALOG_COMPILER_APPICON_NAME = AppIcon;
				FRAMEWORK_SEARCH_PATHS = (
					"$(inherited)",
					"$(DEVELOPER_FRAMEWORKS_DIR)",
				);
				INFOPLIST_FILE = BestMovies/Info.plist;
				LD_RUNPATH_SEARCH_PATHS = "$(inherited) @executable_path/Frameworks";
				PRODUCT_NAME = "$(TARGET_NAME)";
			};
			name = Debug;
		};
		843EF4FD1B76A5E300BB3D72 /* Release */ = {
			isa = XCBuildConfiguration;
			buildSettings = {
				ASSETCATALOG_COMPILER_APPICON_NAME = AppIcon;
				FRAMEWORK_SEARCH_PATHS = (
					"$(inherited)",
					"$(DEVELOPER_FRAMEWORKS_DIR)",
				);
				INFOPLIST_FILE = BestMovies/Info.plist;
				LD_RUNPATH_SEARCH_PATHS = "$(inherited) @executable_path/Frameworks";
				PRODUCT_NAME = "$(TARGET_NAME)";
			};
			name = Release;
		};
		843EF4FF1B76A5E300BB3D72 /* Debug */ = {
			isa = XCBuildConfiguration;
			buildSettings = {
				BUNDLE_LOADER = "$(TEST_HOST)";
				FRAMEWORK_SEARCH_PATHS = (
					"$(SDKROOT)/Developer/Library/Frameworks",
					"$(inherited)",
				);
				GCC_PREPROCESSOR_DEFINITIONS = (
					"DEBUG=1",
					"$(inherited)",
				);
				INFOPLIST_FILE = BestMoviesTests/Info.plist;
				LD_RUNPATH_SEARCH_PATHS = "$(inherited) @executable_path/Frameworks @loader_path/Frameworks";
				PRODUCT_NAME = "$(TARGET_NAME)";
				TEST_HOST = "$(BUILT_PRODUCTS_DIR)/BestMovies.app/BestMovies";
			};
			name = Debug;
		};
		843EF5001B76A5E300BB3D72 /* Release */ = {
			isa = XCBuildConfiguration;
			buildSettings = {
				BUNDLE_LOADER = "$(TEST_HOST)";
				FRAMEWORK_SEARCH_PATHS = (
					"$(SDKROOT)/Developer/Library/Frameworks",
					"$(inherited)",
				);
				INFOPLIST_FILE = BestMoviesTests/Info.plist;
				LD_RUNPATH_SEARCH_PATHS = "$(inherited) @executable_path/Frameworks @loader_path/Frameworks";
				PRODUCT_NAME = "$(TARGET_NAME)";
				TEST_HOST = "$(BUILT_PRODUCTS_DIR)/BestMovies.app/BestMovies";
			};
			name = Release;
		};
/* End XCBuildConfiguration section */

/* Begin XCConfigurationList section */
		843EF4D31B76A5E300BB3D72 /* Build configuration list for PBXProject "BestMovies" */ = {
			isa = XCConfigurationList;
			buildConfigurations = (
				843EF4F91B76A5E300BB3D72 /* Debug */,
				843EF4FA1B76A5E300BB3D72 /* Release */,
			);
			defaultConfigurationIsVisible = 0;
			defaultConfigurationName = Release;
		};
		843EF4FB1B76A5E300BB3D72 /* Build configuration list for PBXNativeTarget "BestMovies" */ = {
			isa = XCConfigurationList;
			buildConfigurations = (
				843EF4FC1B76A5E300BB3D72 /* Debug */,
				843EF4FD1B76A5E300BB3D72 /* Release */,
			);
			defaultConfigurationIsVisible = 0;
			defaultConfigurationName = Release;
		};
		843EF4FE1B76A5E300BB3D72 /* Build configuration list for PBXNativeTarget "BestMoviesTests" */ = {
			isa = XCConfigurationList;
			buildConfigurations = (
				843EF4FF1B76A5E300BB3D72 /* Debug */,
				843EF5001B76A5E300BB3D72 /* Release */,
			);
			defaultConfigurationIsVisible = 0;
			defaultConfigurationName = Release;
		};
/* End XCConfigurationList section */
	};
	rootObject = 843EF4D01B76A5E300BB3D72 /* Project object */;
}
